// !$*UTF8*$!
{
	archiveVersion = 1;
	classes = {
	};
	objectVersion = 46;
	objects = {

/* Begin PBXBuildFile section */
		2B3268341E383416006F26BA /* AppDelegate.swift in Sources */ = {isa = PBXBuildFile; fileRef = 2B3268331E383416006F26BA /* AppDelegate.swift */; };
		2B3268361E383416006F26BA /* ViewController.swift in Sources */ = {isa = PBXBuildFile; fileRef = 2B3268351E383416006F26BA /* ViewController.swift */; };
		2B3268391E383416006F26BA /* Main.storyboard in Resources */ = {isa = PBXBuildFile; fileRef = 2B3268371E383416006F26BA /* Main.storyboard */; };
		2B32683C1E383417006F26BA /* PIEN.xcdatamodeld in Sources */ = {isa = PBXBuildFile; fileRef = 2B32683A1E383417006F26BA /* PIEN.xcdatamodeld */; };
		2B32683E1E383417006F26BA /* Assets.xcassets in Resources */ = {isa = PBXBuildFile; fileRef = 2B32683D1E383417006F26BA /* Assets.xcassets */; };
		2B3268411E383417006F26BA /* LaunchScreen.storyboard in Resources */ = {isa = PBXBuildFile; fileRef = 2B32683F1E383417006F26BA /* LaunchScreen.storyboard */; };
/* End PBXBuildFile section */

/* Begin PBXFileReference section */
		2B3268301E383416006F26BA /* PIEN.app */ = {isa = PBXFileReference; explicitFileType = wrapper.application; includeInIndex = 0; path = PIEN.app; sourceTree = BUILT_PRODUCTS_DIR; };
		2B3268331E383416006F26BA /* AppDelegate.swift */ = {isa = PBXFileReference; lastKnownFileType = sourcecode.swift; path = AppDelegate.swift; sourceTree = "<group>"; };
		2B3268351E383416006F26BA /* ViewController.swift */ = {isa = PBXFileReference; lastKnownFileType = sourcecode.swift; path = ViewController.swift; sourceTree = "<group>"; };
		2B3268381E383416006F26BA /* Base */ = {isa = PBXFileReference; lastKnownFileType = file.storyboard; name = Base; path = Base.lproj/Main.storyboard; sourceTree = "<group>"; };
		2B32683B1E383417006F26BA /* PIEN.xcdatamodel */ = {isa = PBXFileReference; lastKnownFileType = wrapper.xcdatamodel; path = PIEN.xcdatamodel; sourceTree = "<group>"; };
		2B32683D1E383417006F26BA /* Assets.xcassets */ = {isa = PBXFileReference; lastKnownFileType = folder.assetcatalog; path = Assets.xcassets; sourceTree = "<group>"; };
		2B3268401E383417006F26BA /* Base */ = {isa = PBXFileReference; lastKnownFileType = file.storyboard; name = Base; path = Base.lproj/LaunchScreen.storyboard; sourceTree = "<group>"; };
		2B3268421E383417006F26BA /* Info.plist */ = {isa = PBXFileReference; lastKnownFileType = text.plist.xml; path = Info.plist; sourceTree = "<group>"; };
/* End PBXFileReference section */

/* Begin PBXFrameworksBuildPhase section */
		2B32682D1E383416006F26BA /* Frameworks */ = {
			isa = PBXFrameworksBuildPhase;
			buildActionMask = 2147483647;
			files = (
			);
			runOnlyForDeploymentPostprocessing = 0;
		};
/* End PBXFrameworksBuildPhase section */

/* Begin PBXGroup section */
		2B3268271E383416006F26BA = {
			isa = PBXGroup;
			children = (
				2B3268321E383416006F26BA /* PIEN */,
				2B3268311E383416006F26BA /* Products */,
			);
			sourceTree = "<group>";
		};
		2B3268311E383416006F26BA /* Products */ = {
			isa = PBXGroup;
			children = (
				2B3268301E383416006F26BA /* PIEN.app */,
			);
			name = Products;
			sourceTree = "<group>";
		};
		2B3268321E383416006F26BA /* PIEN */ = {
			isa = PBXGroup;
			children = (
				2B3268331E383416006F26BA /* AppDelegate.swift */,
				2B3268351E383416006F26BA /* ViewController.swift */,
				2B3268371E383416006F26BA /* Main.storyboard */,
				2B32683D1E383417006F26BA /* Assets.xcassets */,
				2B32683F1E383417006F26BA /* LaunchScreen.storyboard */,
				2B3268421E383417006F26BA /* Info.plist */,
				2B32683A1E383417006F26BA /* PIEN.xcdatamodeld */,
			);
			path = PIEN;
			sourceTree = "<group>";
		};
/* End PBXGroup section */

/* Begin PBXNativeTarget section */
		2B32682F1E383416006F26BA /* PIEN */ = {
			isa = PBXNativeTarget;
			buildConfigurationList = 2B3268451E383417006F26BA /* Build configuration list for PBXNativeTarget "PIEN" */;
			buildPhases = (
				2B32682C1E383416006F26BA /* Sources */,
				2B32682D1E383416006F26BA /* Frameworks */,
				2B32682E1E383416006F26BA /* Resources */,
			);
			buildRules = (
			);
			dependencies = (
			);
			name = PIEN;
			productName = PIEN;
			productReference = 2B3268301E383416006F26BA /* PIEN.app */;
			productType = "com.apple.product-type.application";
		};
/* End PBXNativeTarget section */

/* Begin PBXProject section */
		2B3268281E383416006F26BA /* Project object */ = {
			isa = PBXProject;
			attributes = {
				LastSwiftUpdateCheck = 0820;
				LastUpgradeCheck = 0820;
				ORGANIZATIONNAME = "Colton Pinner";
				TargetAttributes = {
					2B32682F1E383416006F26BA = {
						CreatedOnToolsVersion = 8.2.1;
						DevelopmentTeam = 74RP2YS32U;
						ProvisioningStyle = Automatic;
					};
				};
			};
			buildConfigurationList = 2B32682B1E383416006F26BA /* Build configuration list for PBXProject "PIEN" */;
			compatibilityVersion = "Xcode 3.2";
			developmentRegion = English;
			hasScannedForEncodings = 0;
			knownRegions = (
				en,
				Base,
			);
			mainGroup = 2B3268271E383416006F26BA;
			productRefGroup = 2B3268311E383416006F26BA /* Products */;
			projectDirPath = "";
			projectRoot = "";
			targets = (
				2B32682F1E383416006F26BA /* PIEN */,
			);
		};
/* End PBXProject section */

/* Begin PBXResourcesBuildPhase section */
		2B32682E1E383416006F26BA /* Resources */ = {
			isa = PBXResourcesBuildPhase;
			buildActionMask = 2147483647;
			files = (
				2B3268411E383417006F26BA /* LaunchScreen.storyboard in Resources */,
				2B32683E1E383417006F26BA /* Assets.xcassets in Resources */,
				2B3268391E383416006F26BA /* Main.storyboard in Resources */,
			);
			runOnlyForDeploymentPostprocessing = 0;
		};
/* End PBXResourcesBuildPhase section */

/* Begin PBXSourcesBuildPhase section */
		2B32682C1E383416006F26BA /* Sources */ = {
			isa = PBXSourcesBuildPhase;
			buildActionMask = 2147483647;
			files = (
				2B3268361E383416006F26BA /* ViewController.swift in Sources */,
				2B32683C1E383417006F26BA /* PIEN.xcdatamodeld in Sources */,
				2B3268341E383416006F26BA /* AppDelegate.swift in Sources */,
			);
			runOnlyForDeploymentPostprocessing = 0;
		};
/* End PBXSourcesBuildPhase section */

/* Begin PBXVariantGroup section */
		2B3268371E383416006F26BA /* Main.storyboard */ = {
			isa = PBXVariantGroup;
			children = (
				2B3268381E383416006F26BA /* Base */,
			);
			name = Main.storyboard;
			sourceTree = "<group>";
		};
		2B32683F1E383417006F26BA /* LaunchScreen.storyboard */ = {
			isa = PBXVariantGroup;
			children = (
				2B3268401E383417006F26BA /* Base */,
			);
			name = LaunchScreen.storyboard;
			sourceTree = "<group>";
		};
/* End PBXVariantGroup section */

/* Begin XCBuildConfiguration section */
		2B3268431E383417006F26BA /* Debug */ = {
			isa = XCBuildConfiguration;
			buildSettings = {
				ALWAYS_SEARCH_USER_PATHS = NO;
				CLANG_ANALYZER_NONNULL = YES;
				CLANG_CXX_LANGUAGE_STANDARD = "gnu++0x";
				CLANG_CXX_LIBRARY = "libc++";
				CLANG_ENABLE_MODULES = YES;
				CLANG_ENABLE_OBJC_ARC = YES;
				CLANG_WARN_BOOL_CONVERSION = YES;
				CLANG_WARN_CONSTANT_CONVERSION = YES;
				CLANG_WARN_DIRECT_OBJC_ISA_USAGE = YES_ERROR;
				CLANG_WARN_DOCUMENTATION_COMMENTS = YES;
				CLANG_WARN_EMPTY_BODY = YES;
				CLANG_WARN_ENUM_CONVERSION = YES;
				CLANG_WARN_INFINITE_RECURSION = YES;
				CLANG_WARN_INT_CONVERSION = YES;
				CLANG_WARN_OBJC_ROOT_CLASS = YES_ERROR;
				CLANG_WARN_SUSPICIOUS_MOVE = YES;
				CLANG_WARN_UNREACHABLE_CODE = YES;
				CLANG_WARN__DUPLICATE_METHOD_MATCH = YES;
				"CODE_SIGN_IDENTITY[sdk=iphoneos*]" = "iPhone Developer";
				COPY_PHASE_STRIP = NO;
				DEBUG_INFORMATION_FORMAT = dwarf;
				ENABLE_STRICT_OBJC_MSGSEND = YES;
				ENABLE_TESTABILITY = YES;
				GCC_C_LANGUAGE_STANDARD = gnu99;
				GCC_DYNAMIC_NO_PIC = NO;
				GCC_NO_COMMON_BLOCKS = YES;
				GCC_OPTIMIZATION_LEVEL = 0;
				GCC_PREPROCESSOR_DEFINITIONS = (
					"DEBUG=1",
					"$(inherited)",
				);
				GCC_WARN_64_TO_32_BIT_CONVERSION = YES;
				GCC_WARN_ABOUT_RETURN_TYPE = YES_ERROR;
				GCC_WARN_UNDECLARED_SELECTOR = YES;
				GCC_WARN_UNINITIALIZED_AUTOS = YES_AGGRESSIVE;
				GCC_WARN_UNUSED_FUNCTION = YES;
				GCC_WARN_UNUSED_VARIABLE = YES;
				IPHONEOS_DEPLOYMENT_TARGET = 10.2;
				MTL_ENABLE_DEBUG_INFO = YES;
				ONLY_ACTIVE_ARCH = YES;
				SDKROOT = iphoneos;
				SWIFT_ACTIVE_COMPILATION_CONDITIONS = DEBUG;
				SWIFT_OPTIMIZATION_LEVEL = "-Onone";
			};
			name = Debug;
		};
		2B3268441E383417006F26BA /* Release */ = {
			isa = XCBuildConfiguration;
			buildSettings = {
				ALWAYS_SEARCH_USER_PATHS = NO;
				CLANG_ANALYZER_NONNULL = YES;
				CLANG_CXX_LANGUAGE_STANDARD = "gnu++0x";
				CLANG_CXX_LIBRARY = "libc++";
				CLANG_ENABLE_MODULES = YES;
				CLANG_ENABLE_OBJC_ARC = YES;
				CLANG_WARN_BOOL_CONVERSION = YES;
				CLANG_WARN_CONSTANT_CONVERSION = YES;
				CLANG_WARN_DIRECT_OBJC_ISA_USAGE = YES_ERROR;
				CLANG_WARN_DOCUMENTATION_COMMENTS = YES;
				CLANG_WARN_EMPTY_BODY = YES;
				CLANG_WARN_ENUM_CONVERSION = YES;
				CLANG_WARN_INFINITE_RECURSION = YES;
				CLANG_WARN_INT_CONVERSION = YES;
				CLANG_WARN_OBJC_ROOT_CLASS = YES_ERROR;
				CLANG_WARN_SUSPICIOUS_MOVE = YES;
				CLANG_WARN_UNREACHABLE_CODE = YES;
				CLANG_WARN__DUPLICATE_METHOD_MATCH = YES;
				"CODE_SIGN_IDENTITY[sdk=iphoneos*]" = "iPhone Developer";
				COPY_PHASE_STRIP = NO;
				DEBUG_INFORMATION_FORMAT = "dwarf-with-dsym";
				ENABLE_NS_ASSERTIONS = NO;
				ENABLE_STRICT_OBJC_MSGSEND = YES;
				GCC_C_LANGUAGE_STANDARD = gnu99;
				GCC_NO_COMMON_BLOCKS = YES;
				GCC_WARN_64_TO_32_BIT_CONVERSION = YES;
				GCC_WARN_ABOUT_RETURN_TYPE = YES_ERROR;
				GCC_WARN_UNDECLARED_SELECTOR = YES;
				GCC_WARN_UNINITIALIZED_AUTOS = YES_AGGRESSIVE;
				GCC_WARN_UNUSED_FUNCTION = YES;
				GCC_WARN_UNUSED_VARIABLE = YES;
				IPHONEOS_DEPLOYMENT_TARGET = 10.2;
				MTL_ENABLE_DEBUG_INFO = NO;
				SDKROOT = iphoneos;
				SWIFT_OPTIMIZATION_LEVEL = "-Owholemodule";
				VALIDATE_PRODUCT = YES;
			};
			name = Release;
		};
		2B3268461E383417006F26BA /* Debug */ = {
			isa = XCBuildConfiguration;
			buildSettings = {
				ASSETCATALOG_COMPILER_APPICON_NAME = AppIcon;
				DEVELOPMENT_TEAM = 74RP2YS32U;
				INFOPLIST_FILE = PIEN/Info.plist;
				LD_RUNPATH_SEARCH_PATHS = "$(inherited) @executable_path/Frameworks";
				PRODUCT_BUNDLE_IDENTIFIER = PIEN.coltonpinner.PIEN;
				PRODUCT_NAME = "$(TARGET_NAME)";
				SWIFT_VERSION = 3.0;
			};
			name = Debug;
		};
		2B3268471E383417006F26BA /* Release */ = {
			isa = XCBuildConfiguration;
			buildSettings = {
				ASSETCATALOG_COMPILER_APPICON_NAME = AppIcon;
				DEVELOPMENT_TEAM = 74RP2YS32U;
				INFOPLIST_FILE = PIEN/Info.plist;
				LD_RUNPATH_SEARCH_PATHS = "$(inherited) @executable_path/Frameworks";
				PRODUCT_BUNDLE_IDENTIFIER = PIEN.coltonpinner.PIEN;
				PRODUCT_NAME = "$(TARGET_NAME)";
				SWIFT_VERSION = 3.0;
			};
			name = Release;
		};
/* End XCBuildConfiguration section */

/* Begin XCConfigurationList section */
		2B32682B1E383416006F26BA /* Build configuration list for PBXProject "PIEN" */ = {
			isa = XCConfigurationList;
			buildConfigurations = (
				2B3268431E383417006F26BA /* Debug */,
				2B3268441E383417006F26BA /* Release */,
			);
			defaultConfigurationIsVisible = 0;
			defaultConfigurationName = Release;
		};
		2B3268451E383417006F26BA /* Build configuration list for PBXNativeTarget "PIEN" */ = {
			isa = XCConfigurationList;
			buildConfigurations = (
				2B3268461E383417006F26BA /* Debug */,
				2B3268471E383417006F26BA /* Release */,
			);
			defaultConfigurationIsVisible = 0;
		};
/* End XCConfigurationList section */

/* Begin XCVersionGroup section */
		2B32683A1E383417006F26BA /* PIEN.xcdatamodeld */ = {
			isa = XCVersionGroup;
			children = (
				2B32683B1E383417006F26BA /* PIEN.xcdatamodel */,
			);
			currentVersion = 2B32683B1E383417006F26BA /* PIEN.xcdatamodel */;
			path = PIEN.xcdatamodeld;
			sourceTree = "<group>";
			versionGroupType = wrapper.xcdatamodel;
		};
/* End XCVersionGroup section */
	};
	rootObject = 2B3268281E383416006F26BA /* Project object */;
}
